{
  "name": "movies-library",
  "version": "1.0.0",
  "lockfileVersion": 2,
  "requires": true,
  "packages": {
    "": {
      "name": "movies-library",
      "version": "1.0.0",
      "license": "ISC",
      "dependencies": {
        "axios": "^0.25.0",
        "body-parser": "^1.19.1",
        "cors": "^2.8.5",
        "dotenv": "^15.0.0",
        "express": "^4.17.2",
        "nodemon": "^2.0.15",
        "pg": "^8.7.1"
      }
    },
    "node_modules/@sindresorhus/is": {
      "version": "0.14.0",
      "resolved": " ",
      "integrity": " ",
      "engines": {
        "node": ">=6"
      }
    },
    "node_modules/@szmarczak/http-timer": {
      "version": "1.1.2",
      "resolved": " ",
      "integrity": " ",
      "dependencies": {
        "defer-to-connect": "^1.0.1"
      },
      "engines": {
        "node": ">=6"
      }
    },
    "node_modules/abbrev": {
      "version": "1.1.1",
      "resolved": " ",
      "integrity": " "
    },
    "node_modules/accepts": {
      "version": "1.3.7",
      "resolved": " ",
      "integrity": " ",
      "dependencies": {
        "mime-types": "~2.1.24",
        "negotiator": "0.6.2"
      },
      "engines": {
        "node": ">= 0.6"
      }
    },
    "node_modules/ansi-align": {
      "version": "3.0.1",
      "resolved": " ",
      "integrity": " ",
      "dependencies": {
        "string-width": "^4.1.0"
      }
    },
    "node_modules/ansi-regex": {
      "version": "5.0.1",
      "resolved": " ",
      "integrity": " ",
      "engines": {
        "node": ">=8"
      }
    },
    "node_modules/ansi-styles": {
      "version": "4.3.0",
      "resolved": " ",
      "integrity": " ",
      "dependencies": {
        "color-convert": "^2.0.1"
      },
      "engines": {
        "node": ">=8"
      },
      "funding": {
        "url": " "
      }
    },
    "node_modules/anymatch": {
      "version": "3.1.2",
      "resolved": " ",
      "integrity": " ",
      "dependencies": {
        "normalize-path": "^3.0.0",
        "picomatch": "^2.0.4"
      },
      "engines": {
        "node": ">= 8"
      }
    },
    "node_modules/array-flatten": {
      "version": "1.1.1",
      "resolved": " ",
      "integrity": " "
    },
    "node_modules/axios": {
      "version": "0.25.0",
      "resolved": " ",
      "integrity": " ",
      "dependencies": {
        "follow-redirects": "^1.14.7"
      }
    },
    "node_modules/balanced-match": {
      "version": "1.0.2",
      "resolved": " ",
      "integrity": " "
    },
    "node_modules/binary-extensions": {
      "version": "2.2.0",
      "resolved": " ",
      "integrity": " ",
      "engines": {
        "node": ">=8"
      }
    },
    "node_modules/body-parser": {
      "version": "1.19.1",
      "resolved": " ",
      "integrity": " ",
      "dependencies": {
        "bytes": "3.1.1",
        "content-type": "~1.0.4",
        "debug": "2.6.9",
        "depd": "~1.1.2",
        "http-errors": "1.8.1",
        "iconv-lite": "0.4.24",
        "on-finished": "~2.3.0",
        "qs": "6.9.6",
        "raw-body": "2.4.2",
        "type-is": "~1.6.18"
      },
      "engines": {
        "node": ">= 0.8"
      }
    },
    "node_modules/boxen": {
      "version": "5.1.2",
      "resolved": " ",
      "integrity": " ",
      "dependencies": {
        "ansi-align": "^3.0.0",
        "camelcase": "^6.2.0",
        "chalk": "^4.1.0",
        "cli-boxes": "^2.2.1",
        "string-width": "^4.2.2",
        "type-fest": "^0.20.2",
        "widest-line": "^3.1.0",
        "wrap-ansi": "^7.0.0"
      },
      "engines": {
        "node": ">=10"
      },
      "funding": {
        "url": " "
      }
    },
    "node_modules/brace-expansion": {
      "version": "1.1.11",
      "resolved": " ",
      "integrity": " ",
      "dependencies": {
        "balanced-match": "^1.0.0",
        "concat-map": "0.0.1"
      }
    },
    "node_modules/braces": {
      "version": "3.0.2",
      "resolved": " ",
      "integrity": " ",
      "dependencies": {
        "fill-range": "^7.0.1"
      },
      "engines": {
        "node": ">=8"
      }
    },
    "node_modules/buffer-writer": {
      "version": "2.0.0",
      "resolved": " ",
      "integrity": " ",
      "engines": {
        "node": ">=4"
      }
    },
    "node_modules/bytes": {
      "version": "3.1.1",
      "resolved": " ",
      "integrity": " ",
      "engines": {
        "node": ">= 0.8"
      }
    },
    "node_modules/cacheable-request": {
      "version": "6.1.0",
      "resolved": " ",
      "integrity": " ",
      "dependencies": {
        "clone-response": "^1.0.2",
        "get-stream": "^5.1.0",
        "http-cache-semantics": "^4.0.0",
        "keyv": "^3.0.0",
        "lowercase-keys": "^2.0.0",
        "normalize-url": "^4.1.0",
        "responselike": "^1.0.2"
      },
      "engines": {
        "node": ">=8"
      }
    },
    "node_modules/cacheable-request/node_modules/get-stream": {
      "version": "5.2.0",
      "resolved": " ",
      "integrity": " ",
      "dependencies": {
        "pump": "^3.0.0"
      },
      "engines": {
        "node": ">=8"
      },
      "funding": {
        "url": " "
      }
    },
    "node_modules/cacheable-request/node_modules/lowercase-keys": {
      "version": "2.0.0",
      "resolved": " ",
      "integrity": " ",
      "engines": {
        "node": ">=8"
      }
    },
    "node_modules/camelcase": {
      "version": "6.3.0",
      "resolved": " ",
      "integrity": " ",
      "engines": {
        "node": ">=10"
      },
      "funding": {
        "url": " "
      }
    },
    "node_modules/chalk": {
      "version": "4.1.2",
      "resolved": " ",
      "integrity": " ",
      "dependencies": {
        "ansi-styles": "^4.1.0",
        "supports-color": "^7.1.0"
      },
      "engines": {
        "node": ">=10"
      },
      "funding": {
        "url": " "
      }
    },
    "node_modules/chalk/node_modules/has-flag": {
      "version": "4.0.0",
      "resolved": " ",
      "integrity": " ",
      "engines": {
        "node": ">=8"
      }
    },
    "node_modules/chalk/node_modules/supports-color": {
      "version": "7.2.0",
      "resolved": " ",
      "integrity": " ",
      "dependencies": {
        "has-flag": "^4.0.0"
      },
      "engines": {
        "node": ">=8"
      }
    },
    